// !$*UTF8*$!
{
	archiveVersion = 1;
	classes = {
	};
	objectVersion = 46;
	objects = {

/* Begin PBXBuildFile section */
		A509E1231C3DEAD100A6FF77 /* AppDelegate.swift in Sources */ = {isa = PBXBuildFile; fileRef = A509E1221C3DEAD100A6FF77 /* AppDelegate.swift */; };
		A509E1251C3DEAD100A6FF77 /* ViewController.swift in Sources */ = {isa = PBXBuildFile; fileRef = A509E1241C3DEAD100A6FF77 /* ViewController.swift */; };
		A509E1281C3DEAD100A6FF77 /* Main.storyboard in Resources */ = {isa = PBXBuildFile; fileRef = A509E1261C3DEAD100A6FF77 /* Main.storyboard */; };
		A509E12A1C3DEAD100A6FF77 /* Assets.xcassets in Resources */ = {isa = PBXBuildFile; fileRef = A509E1291C3DEAD100A6FF77 /* Assets.xcassets */; };
		A509E1321C3DEADF00A6FF77 /* News.swift in Sources */ = {isa = PBXBuildFile; fileRef = A509E1311C3DEADF00A6FF77 /* News.swift */; };
/* End PBXBuildFile section */

/* Begin PBXFileReference section */
		A509E11F1C3DEAD100A6FF77 /* tvOSNewsCocoaNuts.app */ = {isa = PBXFileReference; explicitFileType = wrapper.application; includeInIndex = 0; path = tvOSNewsCocoaNuts.app; sourceTree = BUILT_PRODUCTS_DIR; };
		A509E1221C3DEAD100A6FF77 /* AppDelegate.swift */ = {isa = PBXFileReference; lastKnownFileType = sourcecode.swift; path = AppDelegate.swift; sourceTree = "<group>"; };
		A509E1241C3DEAD100A6FF77 /* ViewController.swift */ = {isa = PBXFileReference; lastKnownFileType = sourcecode.swift; path = ViewController.swift; sourceTree = "<group>"; };
		A509E1271C3DEAD100A6FF77 /* Base */ = {isa = PBXFileReference; lastKnownFileType = file.storyboard; name = Base; path = Base.lproj/Main.storyboard; sourceTree = "<group>"; };
		A509E1291C3DEAD100A6FF77 /* Assets.xcassets */ = {isa = PBXFileReference; lastKnownFileType = folder.assetcatalog; path = Assets.xcassets; sourceTree = "<group>"; };
		A509E12B1C3DEAD100A6FF77 /* Info.plist */ = {isa = PBXFileReference; lastKnownFileType = text.plist.xml; path = Info.plist; sourceTree = "<group>"; };
		A509E1311C3DEADF00A6FF77 /* News.swift */ = {isa = PBXFileReference; fileEncoding = 4; lastKnownFileType = sourcecode.swift; name = News.swift; path = ../News.swift; sourceTree = "<group>"; };
/* End PBXFileReference section */

/* Begin PBXFrameworksBuildPhase section */
		A509E11C1C3DEAD100A6FF77 /* Frameworks */ = {
			isa = PBXFrameworksBuildPhase;
			buildActionMask = 2147483647;
			files = (
			);
			runOnlyForDeploymentPostprocessing = 0;
		};
/* End PBXFrameworksBuildPhase section */

/* Begin PBXGroup section */
		A509E1161C3DEAD100A6FF77 = {
			isa = PBXGroup;
			children = (
				A509E1211C3DEAD100A6FF77 /* tvOSNewsCocoaNuts */,
				A509E1201C3DEAD100A6FF77 /* Products */,
			);
			sourceTree = "<group>";
		};
		A509E1201C3DEAD100A6FF77 /* Products */ = {
			isa = PBXGroup;
			children = (
				A509E11F1C3DEAD100A6FF77 /* tvOSNewsCocoaNuts.app */,
			);
			name = Products;
			sourceTree = "<group>";
		};
		A509E1211C3DEAD100A6FF77 /* tvOSNewsCocoaNuts */ = {
			isa = PBXGroup;
			children = (
				A509E1221C3DEAD100A6FF77 /* AppDelegate.swift */,
				A509E1311C3DEADF00A6FF77 /* News.swift */,
				A509E1241C3DEAD100A6FF77 /* ViewController.swift */,
				A509E1261C3DEAD100A6FF77 /* Main.storyboard */,
				A509E1291C3DEAD100A6FF77 /* Assets.xcassets */,
				A509E12B1C3DEAD100A6FF77 /* Info.plist */,
			);
			path = tvOSNewsCocoaNuts;
			sourceTree = "<group>";
		};
/* End PBXGroup section */

/* Begin PBXNativeTarget section */
		A509E11E1C3DEAD100A6FF77 /* tvOSNewsCocoaNuts */ = {
			isa = PBXNativeTarget;
			buildConfigurationList = A509E12E1C3DEAD100A6FF77 /* Build configuration list for PBXNativeTarget "tvOSNewsCocoaNuts" */;
			buildPhases = (
				A509E11B1C3DEAD100A6FF77 /* Sources */,
				A509E11C1C3DEAD100A6FF77 /* Frameworks */,
				A509E11D1C3DEAD100A6FF77 /* Resources */,
			);
			buildRules = (
			);
			dependencies = (
			);
			name = tvOSNewsCocoaNuts;
			productName = tvOSNewsCocoaNuts;
			productReference = A509E11F1C3DEAD100A6FF77 /* tvOSNewsCocoaNuts.app */;
			productType = "com.apple.product-type.application";
		};
/* End PBXNativeTarget section */

/* Begin PBXProject section */
		A509E1171C3DEAD100A6FF77 /* Project object */ = {
			isa = PBXProject;
			attributes = {
				LastSwiftUpdateCheck = 0720;
				LastUpgradeCheck = 0800;
				ORGANIZATIONNAME = "Bliss Chapman";
				TargetAttributes = {
					A509E11E1C3DEAD100A6FF77 = {
						CreatedOnToolsVersion = 7.2;
						LastSwiftMigration = 0800;
					};
				};
			};
			buildConfigurationList = A509E11A1C3DEAD100A6FF77 /* Build configuration list for PBXProject "tvOSNewsCocoaNuts" */;
			compatibilityVersion = "Xcode 3.2";
			developmentRegion = English;
			hasScannedForEncodings = 0;
			knownRegions = (
				en,
				Base,
			);
			mainGroup = A509E1161C3DEAD100A6FF77;
			productRefGroup = A509E1201C3DEAD100A6FF77 /* Products */;
			projectDirPath = "";
			projectRoot = "";
			targets = (
				A509E11E1C3DEAD100A6FF77 /* tvOSNewsCocoaNuts */,
			);
		};
/* End PBXProject section */

/* Begin PBXResourcesBuildPhase section */
		A509E11D1C3DEAD100A6FF77 /* Resources */ = {
			isa = PBXResourcesBuildPhase;
			buildActionMask = 2147483647;
			files = (
				A509E12A1C3DEAD100A6FF77 /* Assets.xcassets in Resources */,
				A509E1281C3DEAD100A6FF77 /* Main.storyboard in Resources */,
			);
			runOnlyForDeploymentPostprocessing = 0;
		};
/* End PBXResourcesBuildPhase section */

/* Begin PBXSourcesBuildPhase section */
		A509E11B1C3DEAD100A6FF77 /* Sources */ = {
			isa = PBXSourcesBuildPhase;
			buildActionMask = 2147483647;
			files = (
				A509E1321C3DEADF00A6FF77 /* News.swift in Sources */,
				A509E1251C3DEAD100A6FF77 /* ViewController.swift in Sources */,
				A509E1231C3DEAD100A6FF77 /* AppDelegate.swift in Sources */,
			);
			runOnlyForDeploymentPostprocessing = 0;
		};
/* End PBXSourcesBuildPhase section */

/* Begin PBXVariantGroup section */
		A509E1261C3DEAD100A6FF77 /* Main.storyboard */ = {
			isa = PBXVariantGroup;
			children = (
				A509E1271C3DEAD100A6FF77 /* Base */,
			);
			name = Main.storyboard;
			sourceTree = "<group>";
		};
/* End PBXVariantGroup section */

/* Begin XCBuildConfiguration section */
		A509E12C1C3DEAD100A6FF77 /* Debug */ = {
			isa = XCBuildConfiguration;
			buildSettings = {
				ALWAYS_SEARCH_USER_PATHS = NO;
				CLANG_CXX_LANGUAGE_STANDARD = "gnu++0x";
				CLANG_CXX_LIBRARY = "libc++";
				CLANG_ENABLE_MODULES = YES;
				CLANG_ENABLE_OBJC_ARC = YES;
				CLANG_WARN_BOOL_CONVERSION = YES;
				CLANG_WARN_CONSTANT_CONVERSION = YES;
				CLANG_WARN_DIRECT_OBJC_ISA_USAGE = YES_ERROR;
				CLANG_WARN_EMPTY_BODY = YES;
				CLANG_WARN_ENUM_CONVERSION = YES;
				CLANG_WARN_INFINITE_RECURSION = YES;
				CLANG_WARN_INT_CONVERSION = YES;
				CLANG_WARN_OBJC_ROOT_CLASS = YES_ERROR;
				CLANG_WARN_SUSPICIOUS_MOVE = YES;
				CLANG_WARN_UNREACHABLE_CODE = YES;
				CLANG_WARN__DUPLICATE_METHOD_MATCH = YES;
				COPY_PHASE_STRIP = NO;
				DEBUG_INFORMATION_FORMAT = dwarf;
				ENABLE_STRICT_OBJC_MSGSEND = YES;
				ENABLE_TESTABILITY = YES;
				GCC_C_LANGUAGE_STANDARD = gnu99;
				GCC_DYNAMIC_NO_PIC = NO;
				GCC_NO_COMMON_BLOCKS = YES;
				GCC_OPTIMIZATION_LEVEL = 0;
				GCC_PREPROCESSOR_DEFINITIONS = (
					"DEBUG=1",
					"$(inherited)",
				);
				GCC_WARN_64_TO_32_BIT_CONVERSION = YES;
				GCC_WARN_ABOUT_RETURN_TYPE = YES_ERROR;
				GCC_WARN_UNDECLARED_SELECTOR = YES;
				GCC_WARN_UNINITIALIZED_AUTOS = YES_AGGRESSIVE;
				GCC_WARN_UNUSED_FUNCTION = YES;
				GCC_WARN_UNUSED_VARIABLE = YES;
				MTL_ENABLE_DEBUG_INFO = YES;
				ONLY_ACTIVE_ARCH = YES;
				SDKROOT = appletvos;
				SWIFT_OPTIMIZATION_LEVEL = "-Onone";
				TARGETED_DEVICE_FAMILY = 3;
				TVOS_DEPLOYMENT_TARGET = 9.1;
			};
			name = Debug;
		};
		A509E12D1C3DEAD100A6FF77 /* Release */ = {
			isa = XCBuildConfiguration;
			buildSettings = {
				ALWAYS_SEARCH_USER_PATHS = NO;
				CLANG_CXX_LANGUAGE_STANDARD = "gnu++0x";
				CLANG_CXX_LIBRARY = "libc++";
				CLANG_ENABLE_MODULES = YES;
				CLANG_ENABLE_OBJC_ARC = YES;
				CLANG_WARN_BOOL_CONVERSION = YES;
				CLANG_WARN_CONSTANT_CONVERSION = YES;
				CLANG_WARN_DIRECT_OBJC_ISA_USAGE = YES_ERROR;
				CLANG_WARN_EMPTY_BODY = YES;
				CLANG_WARN_ENUM_CONVERSION = YES;
				CLANG_WARN_INFINITE_RECURSION = YES;
				CLANG_WARN_INT_CONVERSION = YES;
				CLANG_WARN_OBJC_ROOT_CLASS = YES_ERROR;
				CLANG_WARN_SUSPICIOUS_MOVE = YES;
				CLANG_WARN_UNREACHABLE_CODE = YES;
				CLANG_WARN__DUPLICATE_METHOD_MATCH = YES;
				COPY_PHASE_STRIP = NO;
				DEBUG_INFORMATION_FORMAT = "dwarf-with-dsym";
				ENABLE_NS_ASSERTIONS = NO;
				ENABLE_STRICT_OBJC_MSGSEND = YES;
				GCC_C_LANGUAGE_STANDARD = gnu99;
				GCC_NO_COMMON_BLOCKS = YES;
				GCC_WARN_64_TO_32_BIT_CONVERSION = YES;
				GCC_WARN_ABOUT_RETURN_TYPE = YES_ERROR;
				GCC_WARN_UNDECLARED_SELECTOR = YES;
				GCC_WARN_UNINITIALIZED_AUTOS = YES_AGGRESSIVE;
				GCC_WARN_UNUSED_FUNCTION = YES;
				GCC_WARN_UNUSED_VARIABLE = YES;
				MTL_ENABLE_DEBUG_INFO = NO;
				SDKROOT = appletvos;
				SWIFT_OPTIMIZATION_LEVEL = "-Owholemodule";
				TARGETED_DEVICE_FAMILY = 3;
				TVOS_DEPLOYMENT_TARGET = 9.1;
				VALIDATE_PRODUCT = YES;
			};
			name = Release;
		};
		A509E12F1C3DEAD100A6FF77 /* Debug */ = {
			isa = XCBuildConfiguration;
			buildSettings = {
				ASSETCATALOG_COMPILER_APPICON_NAME = "App Icon & Top Shelf Image";
				ASSETCATALOG_COMPILER_LAUNCHIMAGE_NAME = LaunchImage;
				INFOPLIST_FILE = tvOSNewsCocoaNuts/Info.plist;
				LD_RUNPATH_SEARCH_PATHS = "$(inherited) @executable_path/Frameworks";
				PRODUCT_BUNDLE_IDENTIFIER = com.blissChapman.tvOSNewsCocoaNuts;
				PRODUCT_NAME = "$(TARGET_NAME)";
				SWIFT_VERSION = 3.0;
			};
			name = Debug;
		};
		A509E1301C3DEAD100A6FF77 /* Release */ = {
			isa = XCBuildConfiguration;
			buildSettings = {
				ASSETCATALOG_COMPILER_APPICON_NAME = "App Icon & Top Shelf Image";
				ASSETCATALOG_COMPILER_LAUNCHIMAGE_NAME = LaunchImage;
				INFOPLIST_FILE = tvOSNewsCocoaNuts/Info.plist;
				LD_RUNPATH_SEARCH_PATHS = "$(inherited) @executable_path/Frameworks";
				PRODUCT_BUNDLE_IDENTIFIER = com.blissChapman.tvOSNewsCocoaNuts;
				PRODUCT_NAME = "$(TARGET_NAME)";
				SWIFT_VERSION = 3.0;
			};
			name = Release;
		};
/* End XCBuildConfiguration section */

/* Begin XCConfigurationList section */
		A509E11A1C3DEAD100A6FF77 /* Build configuration list for PBXProject "tvOSNewsCocoaNuts" */ = {
			isa = XCConfigurationList;
			buildConfigurations = (
				A509E12C1C3DEAD100A6FF77 /* Debug */,
				A509E12D1C3DEAD100A6FF77 /* Release */,
			);
			defaultConfigurationIsVisible = 0;
			defaultConfigurationName = Release;
		};
		A509E12E1C3DEAD100A6FF77 /* Build configuration list for PBXNativeTarget "tvOSNewsCocoaNuts" */ = {
			isa = XCConfigurationList;
			buildConfigurations = (
				A509E12F1C3DEAD100A6FF77 /* Debug */,
				A509E1301C3DEAD100A6FF77 /* Release */,
			);
			defaultConfigurationIsVisible = 0;
			defaultConfigurationName = Release;
		};
/* End XCConfigurationList section */
	};
	rootObject = A509E1171C3DEAD100A6FF77 /* Project object */;
}
